Microsoft Visual Studio Solution File, Format Version 11.00
# Visual Studio 2008

Project("{92AFE79C-229A-32F7-BDA1-8EF56441D5B7}") = "Guardians of the Arena", "Assembly-CSharp-firstpass.csproj", "{063C1DD7-4A8F-8E97-DEA0-34ECD40E4A84}"
EndProject
Project("{92AFE79C-229A-32F7-BDA1-8EF56441D5B7}") = "Guardians of the Arena", "Assembly-CSharp.csproj", "{6B7C8CDE-330B-57B5-B8EA-C807070E15B6}"
EndProject
Project("{92AFE79C-229A-32F7-BDA1-8EF56441D5B7}") = "Guardians of the Arena", "Assembly-UnityScript-firstpass.unityproj", "{858E2ECC-6393-9DB9-1F29-3DAA1D936563}"
EndProject
Global
	GlobalSection(SolutionConfigurationPlatforms) = preSolution
		Debug|Any CPU = Debug|Any CPU
		Release|Any CPU = Release|Any CPU
	EndGlobalSection
	GlobalSection(ProjectConfigurationPlatforms) = postSolution
		{063C1DD7-4A8F-8E97-DEA0-34ECD40E4A84}.Debug|Any CPU.ActiveCfg = Debug|Any CPU
		{063C1DD7-4A8F-8E97-DEA0-34ECD40E4A84}.Debug|Any CPU.Build.0 = Debug|Any CPU
		{063C1DD7-4A8F-8E97-DEA0-34ECD40E4A84}.Release|Any CPU.ActiveCfg = Release|Any CPU
		{063C1DD7-4A8F-8E97-DEA0-34ECD40E4A84}.Release|Any CPU.Build.0 = Release|Any CPU
		{6B7C8CDE-330B-57B5-B8EA-C807070E15B6}.Debug|Any CPU.ActiveCfg = Debug|Any CPU
		{6B7C8CDE-330B-57B5-B8EA-C807070E15B6}.Debug|Any CPU.Build.0 = Debug|Any CPU
		{6B7C8CDE-330B-57B5-B8EA-C807070E15B6}.Release|Any CPU.ActiveCfg = Release|Any CPU
		{6B7C8CDE-330B-57B5-B8EA-C807070E15B6}.Release|Any CPU.Build.0 = Release|Any CPU
		{858E2ECC-6393-9DB9-1F29-3DAA1D936563}.Debug|Any CPU.ActiveCfg = Debug|Any CPU
		{858E2ECC-6393-9DB9-1F29-3DAA1D936563}.Debug|Any CPU.Build.0 = Debug|Any CPU
		{858E2ECC-6393-9DB9-1F29-3DAA1D936563}.Release|Any CPU.ActiveCfg = Release|Any CPU
		{858E2ECC-6393-9DB9-1F29-3DAA1D936563}.Release|Any CPU.Build.0 = Release|Any CPU
	EndGlobalSection
	GlobalSection(SolutionProperties) = preSolution
		HideSolutionNode = FALSE
	EndGlobalSection
																		GlobalSection(MonoDevelopProperties) = preSolution
		StartupItem = Assembly-CSharp.csproj
		Policies = $0
		$0.TextStylePolicy = $1
		$1.inheritsSet = null
		$1.scope = text/x-csharp
		$0.CSharpFormattingPolicy = $2
		$2.inheritsSet = Mono
		$2.inheritsScope = text/x-csharp
		$2.scope = text/x-csharp
		$0.TextStylePolicy = $3
		$3.FileWidth = 120
		$3.TabWidth = 4
		$3.EolMarker = Unix
		$3.inheritsSet = Mono
		$3.inheritsScope = text/plain
		$3.scope = text/plain
	EndGlobalSection

EndGlobal
